
Microsoft Visual Studio Solution File, Format Version 12.00
# Visual Studio Version 16
VisualStudioVersion = 16.0.29102.190
MinimumVisualStudioVersion = 10.0.40219.1
Project("{FAE04EC0-301F-11D3-BF4B-00C04F79EFBC}") = "HospitalManagement", "HospitalManagement.csproj", "{AB1B48AF-2276-44EB-A0CF-44DDCFF25053}"
EndProject
Project("{FAE04EC0-301F-11D3-BF4B-00C04F79EFBC}") = "HOspitalManagementTests", "..\HOspitalManagementTests\HOspitalManagementTests.csproj", "{8EDF4429-251A-416D-BB68-93F227191BCF}"
EndProject
Global
	GlobalSection(SolutionConfigurationPlatforms) = preSolution
		Debug|Any CPU = Debug|Any CPU
		Release|Any CPU = Release|Any CPU
	EndGlobalSection
	GlobalSection(ProjectConfigurationPlatforms) = postSolution
		{AB1B48AF-2276-44EB-A0CF-44DDCFF25053}.Debug|Any CPU.ActiveCfg = Debug|Any CPU
		{AB1B48AF-2276-44EB-A0CF-44DDCFF25053}.Debug|Any CPU.Build.0 = Debug|Any CPU
		{AB1B48AF-2276-44EB-A0CF-44DDCFF25053}.Release|Any CPU.ActiveCfg = Release|Any CPU
		{AB1B48AF-2276-44EB-A0CF-44DDCFF25053}.Release|Any CPU.Build.0 = Release|Any CPU
		{8EDF4429-251A-416D-BB68-93F227191BCF}.Debug|Any CPU.ActiveCfg = Debug|Any CPU
		{8EDF4429-251A-416D-BB68-93F227191BCF}.Debug|Any CPU.Build.0 = Debug|Any CPU
		{8EDF4429-251A-416D-BB68-93F227191BCF}.Release|Any CPU.ActiveCfg = Release|Any CPU
		{8EDF4429-251A-416D-BB68-93F227191BCF}.Release|Any CPU.Build.0 = Release|Any CPU
	EndGlobalSection
	GlobalSection(SolutionProperties) = preSolution
		HideSolutionNode = FALSE
	EndGlobalSection
	GlobalSection(ExtensibilityGlobals) = postSolution
		SolutionGuid = {FDAF9409-7C89-40A2-AA0D-69510FC9AC7B}
	EndGlobalSection
EndGlobal
